
Microsoft Visual Studio Solution File, Format Version 12.00
# Visual Studio Version 16
VisualStudioVersion = 16.0.31702.278
MinimumVisualStudioVersion = 10.0.40219.1
Project("{FAE04EC0-301F-11D3-BF4B-00C04F79EFBC}") = "Calc", "Calc\Calc.csproj", "{6F629ECA-11BE-425A-84F1-29D4E1C04510}"
EndProject
Global
	GlobalSection(SolutionConfigurationPlatforms) = preSolution
		Debug|Any CPU = Debug|Any CPU
		Release|Any CPU = Release|Any CPU
	EndGlobalSection
	GlobalSection(ProjectConfigurationPlatforms) = postSolution
		{6F629ECA-11BE-425A-84F1-29D4E1C04510}.Debug|Any CPU.ActiveCfg = Debug|Any CPU
		{6F629ECA-11BE-425A-84F1-29D4E1C04510}.Debug|Any CPU.Build.0 = Debug|Any CPU
		{6F629ECA-11BE-425A-84F1-29D4E1C04510}.Release|Any CPU.ActiveCfg = Release|Any CPU
		{6F629ECA-11BE-425A-84F1-29D4E1C04510}.Release|Any CPU.Build.0 = Release|Any CPU
	EndGlobalSection
	GlobalSection(SolutionProperties) = preSolution
		HideSolutionNode = FALSE
	EndGlobalSection
	GlobalSection(ExtensibilityGlobals) = postSolution
		SolutionGuid = {7C4EDD97-8F10-403A-96DF-A3909E35BB82}
	EndGlobalSection
EndGlobal
